{
  "name": "bonus-rest-with-spring-boot-and-java-erudio-files---react",
  "version": "1.0.0",
  "lockfileVersion": 3,
  "requires": true,
  "packages": {
    "": {
      "name": "bonus-rest-with-spring-boot-and-java-erudio-files---react",
      "version": "1.0.0",
      "license": "ISC"
    }
  }
}
